
Microsoft Visual Studio Solution File, Format Version 12.00
# Visual Studio 15
Project("{FAE04EC0-301F-11D3-BF4B-00C04F79EFBC}") = "UnityEngine.UI", "UnityEngine.UI.csproj", "{D1BFB196-63C6-F90E-991C-13AEBE74972C}"
EndProject
Project("{FAE04EC0-301F-11D3-BF4B-00C04F79EFBC}") = "UnityEngine.TestRunner", "UnityEngine.TestRunner.csproj", "{6D635A62-17E9-6360-B1EF-1FBD4D07A55C}"
EndProject
Project("{FAE04EC0-301F-11D3-BF4B-00C04F79EFBC}") = "Unity.Mathematics", "Unity.Mathematics.csproj", "{9AA76055-9710-C96A-0912-B545FD7421C1}"
EndProject
Project("{FAE04EC0-301F-11D3-BF4B-00C04F79EFBC}") = "Unity.2D.Animation.Triangle.Runtime", "Unity.2D.Animation.Triangle.Runtime.csproj", "{B2D7FA99-D2EA-93B8-75A4-9A076E36BE15}"
EndProject
Project("{FAE04EC0-301F-11D3-BF4B-00C04F79EFBC}") = "Unity.Timeline", "Unity.Timeline.csproj", "{753E0D4D-01B3-1CF0-1160-FBB4FE66D839}"
EndProject
Project("{FAE04EC0-301F-11D3-BF4B-00C04F79EFBC}") = "Unity.TextMeshPro", "Unity.TextMeshPro.csproj", "{D93032AE-BAB9-4233-4FB4-49E47FA9338A}"
EndProject
Project("{FAE04EC0-301F-11D3-BF4B-00C04F79EFBC}") = "Unity.2D.Animation.Runtime", "Unity.2D.Animation.Runtime.csproj", "{FA8464C8-E024-EF04-4EFD-FD734177965A}"
EndProject
Project("{FAE04EC0-301F-11D3-BF4B-00C04F79EFBC}") = "Unity.2D.IK.Runtime", "Unity.2D.IK.Runtime.csproj", "{13AF84B8-C610-6EA7-A03D-CE45318337A5}"
EndProject
Project("{FAE04EC0-301F-11D3-BF4B-00C04F79EFBC}") = "Unity.2D.SpriteShape.Runtime", "Unity.2D.SpriteShape.Runtime.csproj", "{52E0982F-2F2F-9354-2F8D-F3DF596D7148}"
EndProject
Project("{FAE04EC0-301F-11D3-BF4B-00C04F79EFBC}") = "Unity.2D.PixelPerfect", "Unity.2D.PixelPerfect.csproj", "{8FCD4E12-0D38-4241-B212-D5AD89B6D7EF}"
EndProject
Project("{FAE04EC0-301F-11D3-BF4B-00C04F79EFBC}") = "Unity.2D.Common.Runtime", "Unity.2D.Common.Runtime.csproj", "{0337110F-4274-7119-68EE-BB4EDAACE242}"
EndProject
Project("{FAE04EC0-301F-11D3-BF4B-00C04F79EFBC}") = "Unity.InternalAPIEngineBridge.001", "Unity.InternalAPIEngineBridge.001.csproj", "{ED2E94E7-88CF-E9BE-9161-70A97A1AC1E5}"
EndProject
Project("{FAE04EC0-301F-11D3-BF4B-00C04F79EFBC}") = "Assembly-CSharp", "Assembly-CSharp.csproj", "{BE1CCEFB-AD46-A2C1-2879-69C22ADDB7F5}"
EndProject
Project("{FAE04EC0-301F-11D3-BF4B-00C04F79EFBC}") = "UnityEditor.TestRunner", "UnityEditor.TestRunner.csproj", "{9566A36D-A992-4E0D-0E7B-7BEAB9B570D9}"
EndProject
Project("{FAE04EC0-301F-11D3-BF4B-00C04F79EFBC}") = "Unity.PlasticSCM.Editor", "Unity.PlasticSCM.Editor.csproj", "{233BDB55-9364-47F5-00AB-8D20BD118FD8}"
EndProject
Project("{FAE04EC0-301F-11D3-BF4B-00C04F79EFBC}") = "UnityEditor.UI", "UnityEditor.UI.csproj", "{5E27B89F-7E7F-28D4-7A5C-CBA56A01208B}"
EndProject
Project("{FAE04EC0-301F-11D3-BF4B-00C04F79EFBC}") = "Unity.Services.Core.Editor", "Unity.Services.Core.Editor.csproj", "{36D85CC9-74BE-E071-7BAD-F3D3A162769F}"
EndProject
Project("{FAE04EC0-301F-11D3-BF4B-00C04F79EFBC}") = "Unity.Timeline.Editor", "Unity.Timeline.Editor.csproj", "{17165A7D-3B94-3B29-D974-A9E7F11FF1CC}"
EndProject
Project("{FAE04EC0-301F-11D3-BF4B-00C04F79EFBC}") = "Unity.VisualStudio.Editor", "Unity.VisualStudio.Editor.csproj", "{33D5D492-97D4-2B4F-7536-828C9EDC681A}"
EndProject
Project("{FAE04EC0-301F-11D3-BF4B-00C04F79EFBC}") = "Unity.2D.Psdimporter.Editor", "Unity.2D.Psdimporter.Editor.csproj", "{65F9AD08-696C-2C85-01A6-21BB3B9D77AB}"
EndProject
Project("{FAE04EC0-301F-11D3-BF4B-00C04F79EFBC}") = "Unity.2D.Animation.Editor", "Unity.2D.Animation.Editor.csproj", "{2C17BEF0-8FC8-5AA0-644C-F23A38D8FEDE}"
EndProject
Project("{FAE04EC0-301F-11D3-BF4B-00C04F79EFBC}") = "Unity.TextMeshPro.Editor", "Unity.TextMeshPro.Editor.csproj", "{8228F793-92D6-7308-C9AF-8EFCE7DA4F23}"
EndProject
Project("{FAE04EC0-301F-11D3-BF4B-00C04F79EFBC}") = "Unity.2D.SpriteShape.Editor", "Unity.2D.SpriteShape.Editor.csproj", "{4C70B958-FA9D-5ACE-FC15-8E0EC36AB1B5}"
EndProject
Project("{FAE04EC0-301F-11D3-BF4B-00C04F79EFBC}") = "Unity.CollabProxy.Editor", "Unity.CollabProxy.Editor.csproj", "{D3C7C64F-BD13-E31E-39BB-BE12AD6E7A69}"
EndProject
Project("{FAE04EC0-301F-11D3-BF4B-00C04F79EFBC}") = "PsdPlugin", "PsdPlugin.csproj", "{9268ADBE-47CA-519D-862D-85F7B268650D}"
EndProject
Project("{FAE04EC0-301F-11D3-BF4B-00C04F79EFBC}") = "Unity.2D.Path.Editor", "Unity.2D.Path.Editor.csproj", "{AAF861FF-D271-7964-8C55-22298DB94777}"
EndProject
Project("{FAE04EC0-301F-11D3-BF4B-00C04F79EFBC}") = "Unity.Rider.Editor", "Unity.Rider.Editor.csproj", "{B9D790CB-B1EB-9420-598F-99A86BA95CC8}"
EndProject
Project("{FAE04EC0-301F-11D3-BF4B-00C04F79EFBC}") = "Unity.2D.IK.Editor", "Unity.2D.IK.Editor.csproj", "{E7957FEF-1D65-255A-E99F-A01AFDC03F04}"
EndProject
Project("{FAE04EC0-301F-11D3-BF4B-00C04F79EFBC}") = "Unity.2D.Sprite.Editor", "Unity.2D.Sprite.Editor.csproj", "{2817F939-D63C-55D6-AB4C-066091B47E14}"
EndProject
Project("{FAE04EC0-301F-11D3-BF4B-00C04F79EFBC}") = "Unity.2D.Tilemap.Editor", "Unity.2D.Tilemap.Editor.csproj", "{6F63553F-0DDE-E7A6-52F7-B98FFBA24EEA}"
EndProject
Project("{FAE04EC0-301F-11D3-BF4B-00C04F79EFBC}") = "Unity.2D.PixelPerfect.Editor", "Unity.2D.PixelPerfect.Editor.csproj", "{7863C43C-CDD0-176F-93C0-D89ADBF870DD}"
EndProject
Project("{FAE04EC0-301F-11D3-BF4B-00C04F79EFBC}") = "Unity.VSCode.Editor", "Unity.VSCode.Editor.csproj", "{50A1239D-13E0-E9E5-961B-FD069D49320F}"
EndProject
Project("{FAE04EC0-301F-11D3-BF4B-00C04F79EFBC}") = "Unity.2D.Common.Editor", "Unity.2D.Common.Editor.csproj", "{677645AD-AF35-419A-D6B0-B5DD96806969}"
EndProject
Project("{FAE04EC0-301F-11D3-BF4B-00C04F79EFBC}") = "Unity.Mathematics.Editor", "Unity.Mathematics.Editor.csproj", "{2E01B701-BD36-8442-61ED-DB3A3A4566C8}"
EndProject
Project("{FAE04EC0-301F-11D3-BF4B-00C04F79EFBC}") = "Unity.InternalAPIEditorBridge.001", "Unity.InternalAPIEditorBridge.001.csproj", "{CD92F38E-ECD2-9A0D-D0C2-5E76982C1C50}"
EndProject
Project("{FAE04EC0-301F-11D3-BF4B-00C04F79EFBC}") = "UnityEngine.UI", "UnityEngine.UI.Player.csproj", "{38416119-EA0B-C61E-7FA2-83BFBD1B4399}"
EndProject
Project("{FAE04EC0-301F-11D3-BF4B-00C04F79EFBC}") = "UnityEngine.TestRunner", "UnityEngine.TestRunner.Player.csproj", "{6BCA50F6-F05B-ADF9-B674-E7300DF27C55}"
EndProject
Project("{FAE04EC0-301F-11D3-BF4B-00C04F79EFBC}") = "Unity.Mathematics", "Unity.Mathematics.Player.csproj", "{3EE1E483-14B9-073C-79FB-FBEE04BDD690}"
EndProject
Project("{FAE04EC0-301F-11D3-BF4B-00C04F79EFBC}") = "Unity.2D.Animation.Triangle.Runtime", "Unity.2D.Animation.Triangle.Runtime.Player.csproj", "{95CEBDC7-96A0-82ED-AC3D-EFD7D22D2143}"
EndProject
Project("{FAE04EC0-301F-11D3-BF4B-00C04F79EFBC}") = "Unity.Timeline", "Unity.Timeline.Player.csproj", "{9B0C7232-2B18-F102-0B4F-D5A7C285B45C}"
EndProject
Project("{FAE04EC0-301F-11D3-BF4B-00C04F79EFBC}") = "Unity.TextMeshPro", "Unity.TextMeshPro.Player.csproj", "{A7DCB020-0367-C8C7-B5A3-7121C2529ECC}"
EndProject
Project("{FAE04EC0-301F-11D3-BF4B-00C04F79EFBC}") = "Unity.2D.Animation.Runtime", "Unity.2D.Animation.Runtime.Player.csproj", "{01A1D032-05C6-75F5-48DB-33B68FDB0A47}"
EndProject
Project("{FAE04EC0-301F-11D3-BF4B-00C04F79EFBC}") = "Unity.2D.IK.Runtime", "Unity.2D.IK.Runtime.Player.csproj", "{E8577569-79CD-D154-431A-4CD510FD13F5}"
EndProject
Project("{FAE04EC0-301F-11D3-BF4B-00C04F79EFBC}") = "Unity.2D.SpriteShape.Runtime", "Unity.2D.SpriteShape.Runtime.Player.csproj", "{68D9BE15-6C77-DA3A-9B9A-5992EB485868}"
EndProject
Project("{FAE04EC0-301F-11D3-BF4B-00C04F79EFBC}") = "Unity.2D.PixelPerfect", "Unity.2D.PixelPerfect.Player.csproj", "{D0D5F527-0E71-088B-05FB-BC91C22C5CCF}"
EndProject
Project("{FAE04EC0-301F-11D3-BF4B-00C04F79EFBC}") = "Unity.2D.Common.Runtime", "Unity.2D.Common.Runtime.Player.csproj", "{896F4C86-768D-24FE-A966-175530CEAAD9}"
EndProject
Project("{FAE04EC0-301F-11D3-BF4B-00C04F79EFBC}") = "Unity.InternalAPIEngineBridge.001", "Unity.InternalAPIEngineBridge.001.Player.csproj", "{3D40340F-9C2F-1036-AEAC-5F2341F76C11}"
EndProject
Project("{FAE04EC0-301F-11D3-BF4B-00C04F79EFBC}") = "Assembly-CSharp", "Assembly-CSharp.Player.csproj", "{CDDFB0A3-59F7-D137-9511-75AEDEF95A17}"
EndProject
Global
	GlobalSection(SolutionConfigurationPlatforms) = preSolution
		Debug|Any CPU = Debug|Any CPU
		Release|Any CPU = Release|Any CPU
	EndGlobalSection
	GlobalSection(ProjectConfigurationPlatforms) = postSolution
		{D1BFB196-63C6-F90E-991C-13AEBE74972C}.Debug|Any CPU.ActiveCfg = Debug|Any CPU
		{D1BFB196-63C6-F90E-991C-13AEBE74972C}.Debug|Any CPU.Build.0 = Debug|Any CPU
		{D1BFB196-63C6-F90E-991C-13AEBE74972C}.Release|Any CPU.ActiveCfg = Release|Any CPU
		{D1BFB196-63C6-F90E-991C-13AEBE74972C}.Release|Any CPU.Build.0 = Release|Any CPU
		{6D635A62-17E9-6360-B1EF-1FBD4D07A55C}.Debug|Any CPU.ActiveCfg = Debug|Any CPU
		{6D635A62-17E9-6360-B1EF-1FBD4D07A55C}.Debug|Any CPU.Build.0 = Debug|Any CPU
		{6D635A62-17E9-6360-B1EF-1FBD4D07A55C}.Release|Any CPU.ActiveCfg = Release|Any CPU
		{6D635A62-17E9-6360-B1EF-1FBD4D07A55C}.Release|Any CPU.Build.0 = Release|Any CPU
		{9AA76055-9710-C96A-0912-B545FD7421C1}.Debug|Any CPU.ActiveCfg = Debug|Any CPU
		{9AA76055-9710-C96A-0912-B545FD7421C1}.Debug|Any CPU.Build.0 = Debug|Any CPU
		{9AA76055-9710-C96A-0912-B545FD7421C1}.Release|Any CPU.ActiveCfg = Release|Any CPU
		{9AA76055-9710-C96A-0912-B545FD7421C1}.Release|Any CPU.Build.0 = Release|Any CPU
		{B2D7FA99-D2EA-93B8-75A4-9A076E36BE15}.Debug|Any CPU.ActiveCfg = Debug|Any CPU
		{B2D7FA99-D2EA-93B8-75A4-9A076E36BE15}.Debug|Any CPU.Build.0 = Debug|Any CPU
		{B2D7FA99-D2EA-93B8-75A4-9A076E36BE15}.Release|Any CPU.ActiveCfg = Release|Any CPU
		{B2D7FA99-D2EA-93B8-75A4-9A076E36BE15}.Release|Any CPU.Build.0 = Release|Any CPU
		{753E0D4D-01B3-1CF0-1160-FBB4FE66D839}.Debug|Any CPU.ActiveCfg = Debug|Any CPU
		{753E0D4D-01B3-1CF0-1160-FBB4FE66D839}.Debug|Any CPU.Build.0 = Debug|Any CPU
		{753E0D4D-01B3-1CF0-1160-FBB4FE66D839}.Release|Any CPU.ActiveCfg = Release|Any CPU
		{753E0D4D-01B3-1CF0-1160-FBB4FE66D839}.Release|Any CPU.Build.0 = Release|Any CPU
		{D93032AE-BAB9-4233-4FB4-49E47FA9338A}.Debug|Any CPU.ActiveCfg = Debug|Any CPU
		{D93032AE-BAB9-4233-4FB4-49E47FA9338A}.Debug|Any CPU.Build.0 = Debug|Any CPU
		{D93032AE-BAB9-4233-4FB4-49E47FA9338A}.Release|Any CPU.ActiveCfg = Release|Any CPU
		{D93032AE-BAB9-4233-4FB4-49E47FA9338A}.Release|Any CPU.Build.0 = Release|Any CPU
		{FA8464C8-E024-EF04-4EFD-FD734177965A}.Debug|Any CPU.ActiveCfg = Debug|Any CPU
		{FA8464C8-E024-EF04-4EFD-FD734177965A}.Debug|Any CPU.Build.0 = Debug|Any CPU
		{FA8464C8-E024-EF04-4EFD-FD734177965A}.Release|Any CPU.ActiveCfg = Release|Any CPU
		{FA8464C8-E024-EF04-4EFD-FD734177965A}.Release|Any CPU.Build.0 = Release|Any CPU
		{13AF84B8-C610-6EA7-A03D-CE45318337A5}.Debug|Any CPU.ActiveCfg = Debug|Any CPU
		{13AF84B8-C610-6EA7-A03D-CE45318337A5}.Debug|Any CPU.Build.0 = Debug|Any CPU
		{13AF84B8-C610-6EA7-A03D-CE45318337A5}.Release|Any CPU.ActiveCfg = Release|Any CPU
		{13AF84B8-C610-6EA7-A03D-CE45318337A5}.Release|Any CPU.Build.0 = Release|Any CPU
		{52E0982F-2F2F-9354-2F8D-F3DF596D7148}.Debug|Any CPU.ActiveCfg = Debug|Any CPU
		{52E0982F-2F2F-9354-2F8D-F3DF596D7148}.Debug|Any CPU.Build.0 = Debug|Any CPU
		{52E0982F-2F2F-9354-2F8D-F3DF596D7148}.Release|Any CPU.ActiveCfg = Release|Any CPU
		{52E0982F-2F2F-9354-2F8D-F3DF596D7148}.Release|Any CPU.Build.0 = Release|Any CPU
		{8FCD4E12-0D38-4241-B212-D5AD89B6D7EF}.Debug|Any CPU.ActiveCfg = Debug|Any CPU
		{8FCD4E12-0D38-4241-B212-D5AD89B6D7EF}.Debug|Any CPU.Build.0 = Debug|Any CPU
		{8FCD4E12-0D38-4241-B212-D5AD89B6D7EF}.Release|Any CPU.ActiveCfg = Release|Any CPU
		{8FCD4E12-0D38-4241-B212-D5AD89B6D7EF}.Release|Any CPU.Build.0 = Release|Any CPU
		{0337110F-4274-7119-68EE-BB4EDAACE242}.Debug|Any CPU.ActiveCfg = Debug|Any CPU
		{0337110F-4274-7119-68EE-BB4EDAACE242}.Debug|Any CPU.Build.0 = Debug|Any CPU
		{0337110F-4274-7119-68EE-BB4EDAACE242}.Release|Any CPU.ActiveCfg = Release|Any CPU
		{0337110F-4274-7119-68EE-BB4EDAACE242}.Release|Any CPU.Build.0 = Release|Any CPU
		{ED2E94E7-88CF-E9BE-9161-70A97A1AC1E5}.Debug|Any CPU.ActiveCfg = Debug|Any CPU
		{ED2E94E7-88CF-E9BE-9161-70A97A1AC1E5}.Debug|Any CPU.Build.0 = Debug|Any CPU
		{ED2E94E7-88CF-E9BE-9161-70A97A1AC1E5}.Release|Any CPU.ActiveCfg = Release|Any CPU
		{ED2E94E7-88CF-E9BE-9161-70A97A1AC1E5}.Release|Any CPU.Build.0 = Release|Any CPU
		{BE1CCEFB-AD46-A2C1-2879-69C22ADDB7F5}.Debug|Any CPU.ActiveCfg = Debug|Any CPU
		{BE1CCEFB-AD46-A2C1-2879-69C22ADDB7F5}.Debug|Any CPU.Build.0 = Debug|Any CPU
		{BE1CCEFB-AD46-A2C1-2879-69C22ADDB7F5}.Release|Any CPU.ActiveCfg = Release|Any CPU
		{BE1CCEFB-AD46-A2C1-2879-69C22ADDB7F5}.Release|Any CPU.Build.0 = Release|Any CPU
		{9566A36D-A992-4E0D-0E7B-7BEAB9B570D9}.Debug|Any CPU.ActiveCfg = Debug|Any CPU
		{9566A36D-A992-4E0D-0E7B-7BEAB9B570D9}.Debug|Any CPU.Build.0 = Debug|Any CPU
		{9566A36D-A992-4E0D-0E7B-7BEAB9B570D9}.Release|Any CPU.ActiveCfg = Release|Any CPU
		{9566A36D-A992-4E0D-0E7B-7BEAB9B570D9}.Release|Any CPU.Build.0 = Release|Any CPU
		{233BDB55-9364-47F5-00AB-8D20BD118FD8}.Debug|Any CPU.ActiveCfg = Debug|Any CPU
		{233BDB55-9364-47F5-00AB-8D20BD118FD8}.Debug|Any CPU.Build.0 = Debug|Any CPU
		{233BDB55-9364-47F5-00AB-8D20BD118FD8}.Release|Any CPU.ActiveCfg = Release|Any CPU
		{233BDB55-9364-47F5-00AB-8D20BD118FD8}.Release|Any CPU.Build.0 = Release|Any CPU
		{5E27B89F-7E7F-28D4-7A5C-CBA56A01208B}.Debug|Any CPU.ActiveCfg = Debug|Any CPU
		{5E27B89F-7E7F-28D4-7A5C-CBA56A01208B}.Debug|Any CPU.Build.0 = Debug|Any CPU
		{5E27B89F-7E7F-28D4-7A5C-CBA56A01208B}.Release|Any CPU.ActiveCfg = Release|Any CPU
		{5E27B89F-7E7F-28D4-7A5C-CBA56A01208B}.Release|Any CPU.Build.0 = Release|Any CPU
		{36D85CC9-74BE-E071-7BAD-F3D3A162769F}.Debug|Any CPU.ActiveCfg = Debug|Any CPU
		{36D85CC9-74BE-E071-7BAD-F3D3A162769F}.Debug|Any CPU.Build.0 = Debug|Any CPU
		{36D85CC9-74BE-E071-7BAD-F3D3A162769F}.Release|Any CPU.ActiveCfg = Release|Any CPU
		{36D85CC9-74BE-E071-7BAD-F3D3A162769F}.Release|Any CPU.Build.0 = Release|Any CPU
		{17165A7D-3B94-3B29-D974-A9E7F11FF1CC}.Debug|Any CPU.ActiveCfg = Debug|Any CPU
		{17165A7D-3B94-3B29-D974-A9E7F11FF1CC}.Debug|Any CPU.Build.0 = Debug|Any CPU
		{17165A7D-3B94-3B29-D974-A9E7F11FF1CC}.Release|Any CPU.ActiveCfg = Release|Any CPU
		{17165A7D-3B94-3B29-D974-A9E7F11FF1CC}.Release|Any CPU.Build.0 = Release|Any CPU
		{33D5D492-97D4-2B4F-7536-828C9EDC681A}.Debug|Any CPU.ActiveCfg = Debug|Any CPU
		{33D5D492-97D4-2B4F-7536-828C9EDC681A}.Debug|Any CPU.Build.0 = Debug|Any CPU
		{33D5D492-97D4-2B4F-7536-828C9EDC681A}.Release|Any CPU.ActiveCfg = Release|Any CPU
		{33D5D492-97D4-2B4F-7536-828C9EDC681A}.Release|Any CPU.Build.0 = Release|Any CPU
		{65F9AD08-696C-2C85-01A6-21BB3B9D77AB}.Debug|Any CPU.ActiveCfg = Debug|Any CPU
		{65F9AD08-696C-2C85-01A6-21BB3B9D77AB}.Debug|Any CPU.Build.0 = Debug|Any CPU
		{65F9AD08-696C-2C85-01A6-21BB3B9D77AB}.Release|Any CPU.ActiveCfg = Release|Any CPU
		{65F9AD08-696C-2C85-01A6-21BB3B9D77AB}.Release|Any CPU.Build.0 = Release|Any CPU
		{2C17BEF0-8FC8-5AA0-644C-F23A38D8FEDE}.Debug|Any CPU.ActiveCfg = Debug|Any CPU
		{2C17BEF0-8FC8-5AA0-644C-F23A38D8FEDE}.Debug|Any CPU.Build.0 = Debug|Any CPU
		{2C17BEF0-8FC8-5AA0-644C-F23A38D8FEDE}.Release|Any CPU.ActiveCfg = Release|Any CPU
		{2C17BEF0-8FC8-5AA0-644C-F23A38D8FEDE}.Release|Any CPU.Build.0 = Release|Any CPU
		{8228F793-92D6-7308-C9AF-8EFCE7DA4F23}.Debug|Any CPU.ActiveCfg = Debug|Any CPU
		{8228F793-92D6-7308-C9AF-8EFCE7DA4F23}.Debug|Any CPU.Build.0 = Debug|Any CPU
		{8228F793-92D6-7308-C9AF-8EFCE7DA4F23}.Release|Any CPU.ActiveCfg = Release|Any CPU
		{8228F793-92D6-7308-C9AF-8EFCE7DA4F23}.Release|Any CPU.Build.0 = Release|Any CPU
		{4C70B958-FA9D-5ACE-FC15-8E0EC36AB1B5}.Debug|Any CPU.ActiveCfg = Debug|Any CPU
		{4C70B958-FA9D-5ACE-FC15-8E0EC36AB1B5}.Debug|Any CPU.Build.0 = Debug|Any CPU
		{4C70B958-FA9D-5ACE-FC15-8E0EC36AB1B5}.Release|Any CPU.ActiveCfg = Release|Any CPU
		{4C70B958-FA9D-5ACE-FC15-8E0EC36AB1B5}.Release|Any CPU.Build.0 = Release|Any CPU
		{D3C7C64F-BD13-E31E-39BB-BE12AD6E7A69}.Debug|Any CPU.ActiveCfg = Debug|Any CPU
		{D3C7C64F-BD13-E31E-39BB-BE12AD6E7A69}.Debug|Any CPU.Build.0 = Debug|Any CPU
		{D3C7C64F-BD13-E31E-39BB-BE12AD6E7A69}.Release|Any CPU.ActiveCfg = Release|Any CPU
		{D3C7C64F-BD13-E31E-39BB-BE12AD6E7A69}.Release|Any CPU.Build.0 = Release|Any CPU
		{9268ADBE-47CA-519D-862D-85F7B268650D}.Debug|Any CPU.ActiveCfg = Debug|Any CPU
		{9268ADBE-47CA-519D-862D-85F7B268650D}.Debug|Any CPU.Build.0 = Debug|Any CPU
		{9268ADBE-47CA-519D-862D-85F7B268650D}.Release|Any CPU.ActiveCfg = Release|Any CPU
		{9268ADBE-47CA-519D-862D-85F7B268650D}.Release|Any CPU.Build.0 = Release|Any CPU
		{AAF861FF-D271-7964-8C55-22298DB94777}.Debug|Any CPU.ActiveCfg = Debug|Any CPU
		{AAF861FF-D271-7964-8C55-22298DB94777}.Debug|Any CPU.Build.0 = Debug|Any CPU
		{AAF861FF-D271-7964-8C55-22298DB94777}.Release|Any CPU.ActiveCfg = Release|Any CPU
		{AAF861FF-D271-7964-8C55-22298DB94777}.Release|Any CPU.Build.0 = Release|Any CPU
		{B9D790CB-B1EB-9420-598F-99A86BA95CC8}.Debug|Any CPU.ActiveCfg = Debug|Any CPU
		{B9D790CB-B1EB-9420-598F-99A86BA95CC8}.Debug|Any CPU.Build.0 = Debug|Any CPU
		{B9D790CB-B1EB-9420-598F-99A86BA95CC8}.Release|Any CPU.ActiveCfg = Release|Any CPU
		{B9D790CB-B1EB-9420-598F-99A86BA95CC8}.Release|Any CPU.Build.0 = Release|Any CPU
		{E7957FEF-1D65-255A-E99F-A01AFDC03F04}.Debug|Any CPU.ActiveCfg = Debug|Any CPU
		{E7957FEF-1D65-255A-E99F-A01AFDC03F04}.Debug|Any CPU.Build.0 = Debug|Any CPU
		{E7957FEF-1D65-255A-E99F-A01AFDC03F04}.Release|Any CPU.ActiveCfg = Release|Any CPU
		{E7957FEF-1D65-255A-E99F-A01AFDC03F04}.Release|Any CPU.Build.0 = Release|Any CPU
		{2817F939-D63C-55D6-AB4C-066091B47E14}.Debug|Any CPU.ActiveCfg = Debug|Any CPU
		{2817F939-D63C-55D6-AB4C-066091B47E14}.Debug|Any CPU.Build.0 = Debug|Any CPU
		{2817F939-D63C-55D6-AB4C-066091B47E14}.Release|Any CPU.ActiveCfg = Release|Any CPU
		{2817F939-D63C-55D6-AB4C-066091B47E14}.Release|Any CPU.Build.0 = Release|Any CPU
		{6F63553F-0DDE-E7A6-52F7-B98FFBA24EEA}.Debug|Any CPU.ActiveCfg = Debug|Any CPU
		{6F63553F-0DDE-E7A6-52F7-B98FFBA24EEA}.Debug|Any CPU.Build.0 = Debug|Any CPU
		{6F63553F-0DDE-E7A6-52F7-B98FFBA24EEA}.Release|Any CPU.ActiveCfg = Release|Any CPU
		{6F63553F-0DDE-E7A6-52F7-B98FFBA24EEA}.Release|Any CPU.Build.0 = Release|Any CPU
		{7863C43C-CDD0-176F-93C0-D89ADBF870DD}.Debug|Any CPU.ActiveCfg = Debug|Any CPU
		{7863C43C-CDD0-176F-93C0-D89ADBF870DD}.Debug|Any CPU.Build.0 = Debug|Any CPU
		{7863C43C-CDD0-176F-93C0-D89ADBF870DD}.Release|Any CPU.ActiveCfg = Release|Any CPU
		{7863C43C-CDD0-176F-93C0-D89ADBF870DD}.Release|Any CPU.Build.0 = Release|Any CPU
		{50A1239D-13E0-E9E5-961B-FD069D49320F}.Debug|Any CPU.ActiveCfg = Debug|Any CPU
		{50A1239D-13E0-E9E5-961B-FD069D49320F}.Debug|Any CPU.Build.0 = Debug|Any CPU
		{50A1239D-13E0-E9E5-961B-FD069D49320F}.Release|Any CPU.ActiveCfg = Release|Any CPU
		{50A1239D-13E0-E9E5-961B-FD069D49320F}.Release|Any CPU.Build.0 = Release|Any CPU
		{677645AD-AF35-419A-D6B0-B5DD96806969}.Debug|Any CPU.ActiveCfg = Debug|Any CPU
		{677645AD-AF35-419A-D6B0-B5DD96806969}.Debug|Any CPU.Build.0 = Debug|Any CPU
		{677645AD-AF35-419A-D6B0-B5DD96806969}.Release|Any CPU.ActiveCfg = Release|Any CPU
		{677645AD-AF35-419A-D6B0-B5DD96806969}.Release|Any CPU.Build.0 = Release|Any CPU
		{2E01B701-BD36-8442-61ED-DB3A3A4566C8}.Debug|Any CPU.ActiveCfg = Debug|Any CPU
		{2E01B701-BD36-8442-61ED-DB3A3A4566C8}.Debug|Any CPU.Build.0 = Debug|Any CPU
		{2E01B701-BD36-8442-61ED-DB3A3A4566C8}.Release|Any CPU.ActiveCfg = Release|Any CPU
		{2E01B701-BD36-8442-61ED-DB3A3A4566C8}.Release|Any CPU.Build.0 = Release|Any CPU
		{CD92F38E-ECD2-9A0D-D0C2-5E76982C1C50}.Debug|Any CPU.ActiveCfg = Debug|Any CPU
		{CD92F38E-ECD2-9A0D-D0C2-5E76982C1C50}.Debug|Any CPU.Build.0 = Debug|Any CPU
		{CD92F38E-ECD2-9A0D-D0C2-5E76982C1C50}.Release|Any CPU.ActiveCfg = Release|Any CPU
		{CD92F38E-ECD2-9A0D-D0C2-5E76982C1C50}.Release|Any CPU.Build.0 = Release|Any CPU
		{38416119-EA0B-C61E-7FA2-83BFBD1B4399}.Debug|Any CPU.ActiveCfg = Debug|Any CPU
		{38416119-EA0B-C61E-7FA2-83BFBD1B4399}.Debug|Any CPU.Build.0 = Debug|Any CPU
		{38416119-EA0B-C61E-7FA2-83BFBD1B4399}.Release|Any CPU.ActiveCfg = Release|Any CPU
		{38416119-EA0B-C61E-7FA2-83BFBD1B4399}.Release|Any CPU.Build.0 = Release|Any CPU
		{6BCA50F6-F05B-ADF9-B674-E7300DF27C55}.Debug|Any CPU.ActiveCfg = Debug|Any CPU
		{6BCA50F6-F05B-ADF9-B674-E7300DF27C55}.Debug|Any CPU.Build.0 = Debug|Any CPU
		{6BCA50F6-F05B-ADF9-B674-E7300DF27C55}.Release|Any CPU.ActiveCfg = Release|Any CPU
		{6BCA50F6-F05B-ADF9-B674-E7300DF27C55}.Release|Any CPU.Build.0 = Release|Any CPU
		{3EE1E483-14B9-073C-79FB-FBEE04BDD690}.Debug|Any CPU.ActiveCfg = Debug|Any CPU
		{3EE1E483-14B9-073C-79FB-FBEE04BDD690}.Debug|Any CPU.Build.0 = Debug|Any CPU
		{3EE1E483-14B9-073C-79FB-FBEE04BDD690}.Release|Any CPU.ActiveCfg = Release|Any CPU
		{3EE1E483-14B9-073C-79FB-FBEE04BDD690}.Release|Any CPU.Build.0 = Release|Any CPU
		{95CEBDC7-96A0-82ED-AC3D-EFD7D22D2143}.Debug|Any CPU.ActiveCfg = Debug|Any CPU
		{95CEBDC7-96A0-82ED-AC3D-EFD7D22D2143}.Debug|Any CPU.Build.0 = Debug|Any CPU
		{95CEBDC7-96A0-82ED-AC3D-EFD7D22D2143}.Release|Any CPU.ActiveCfg = Release|Any CPU
		{95CEBDC7-96A0-82ED-AC3D-EFD7D22D2143}.Release|Any CPU.Build.0 = Release|Any CPU
		{9B0C7232-2B18-F102-0B4F-D5A7C285B45C}.Debug|Any CPU.ActiveCfg = Debug|Any CPU
		{9B0C7232-2B18-F102-0B4F-D5A7C285B45C}.Debug|Any CPU.Build.0 = Debug|Any CPU
		{9B0C7232-2B18-F102-0B4F-D5A7C285B45C}.Release|Any CPU.ActiveCfg = Release|Any CPU
		{9B0C7232-2B18-F102-0B4F-D5A7C285B45C}.Release|Any CPU.Build.0 = Release|Any CPU
		{A7DCB020-0367-C8C7-B5A3-7121C2529ECC}.Debug|Any CPU.ActiveCfg = Debug|Any CPU
		{A7DCB020-0367-C8C7-B5A3-7121C2529ECC}.Debug|Any CPU.Build.0 = Debug|Any CPU
		{A7DCB020-0367-C8C7-B5A3-7121C2529ECC}.Release|Any CPU.ActiveCfg = Release|Any CPU
		{A7DCB020-0367-C8C7-B5A3-7121C2529ECC}.Release|Any CPU.Build.0 = Release|Any CPU
		{01A1D032-05C6-75F5-48DB-33B68FDB0A47}.Debug|Any CPU.ActiveCfg = Debug|Any CPU
		{01A1D032-05C6-75F5-48DB-33B68FDB0A47}.Debug|Any CPU.Build.0 = Debug|Any CPU
		{01A1D032-05C6-75F5-48DB-33B68FDB0A47}.Release|Any CPU.ActiveCfg = Release|Any CPU
		{01A1D032-05C6-75F5-48DB-33B68FDB0A47}.Release|Any CPU.Build.0 = Release|Any CPU
		{E8577569-79CD-D154-431A-4CD510FD13F5}.Debug|Any CPU.ActiveCfg = Debug|Any CPU
		{E8577569-79CD-D154-431A-4CD510FD13F5}.Debug|Any CPU.Build.0 = Debug|Any CPU
		{E8577569-79CD-D154-431A-4CD510FD13F5}.Release|Any CPU.ActiveCfg = Release|Any CPU
		{E8577569-79CD-D154-431A-4CD510FD13F5}.Release|Any CPU.Build.0 = Release|Any CPU
		{68D9BE15-6C77-DA3A-9B9A-5992EB485868}.Debug|Any CPU.ActiveCfg = Debug|Any CPU
		{68D9BE15-6C77-DA3A-9B9A-5992EB485868}.Debug|Any CPU.Build.0 = Debug|Any CPU
		{68D9BE15-6C77-DA3A-9B9A-5992EB485868}.Release|Any CPU.ActiveCfg = Release|Any CPU
		{68D9BE15-6C77-DA3A-9B9A-5992EB485868}.Release|Any CPU.Build.0 = Release|Any CPU
		{D0D5F527-0E71-088B-05FB-BC91C22C5CCF}.Debug|Any CPU.ActiveCfg = Debug|Any CPU
		{D0D5F527-0E71-088B-05FB-BC91C22C5CCF}.Debug|Any CPU.Build.0 = Debug|Any CPU
		{D0D5F527-0E71-088B-05FB-BC91C22C5CCF}.Release|Any CPU.ActiveCfg = Release|Any CPU
		{D0D5F527-0E71-088B-05FB-BC91C22C5CCF}.Release|Any CPU.Build.0 = Release|Any CPU
		{896F4C86-768D-24FE-A966-175530CEAAD9}.Debug|Any CPU.ActiveCfg = Debug|Any CPU
		{896F4C86-768D-24FE-A966-175530CEAAD9}.Debug|Any CPU.Build.0 = Debug|Any CPU
		{896F4C86-768D-24FE-A966-175530CEAAD9}.Release|Any CPU.ActiveCfg = Release|Any CPU
		{896F4C86-768D-24FE-A966-175530CEAAD9}.Release|Any CPU.Build.0 = Release|Any CPU
		{3D40340F-9C2F-1036-AEAC-5F2341F76C11}.Debug|Any CPU.ActiveCfg = Debug|Any CPU
		{3D40340F-9C2F-1036-AEAC-5F2341F76C11}.Debug|Any CPU.Build.0 = Debug|Any CPU
		{3D40340F-9C2F-1036-AEAC-5F2341F76C11}.Release|Any CPU.ActiveCfg = Release|Any CPU
		{3D40340F-9C2F-1036-AEAC-5F2341F76C11}.Release|Any CPU.Build.0 = Release|Any CPU
		{CDDFB0A3-59F7-D137-9511-75AEDEF95A17}.Debug|Any CPU.ActiveCfg = Debug|Any CPU
		{CDDFB0A3-59F7-D137-9511-75AEDEF95A17}.Debug|Any CPU.Build.0 = Debug|Any CPU
		{CDDFB0A3-59F7-D137-9511-75AEDEF95A17}.Release|Any CPU.ActiveCfg = Release|Any CPU
		{CDDFB0A3-59F7-D137-9511-75AEDEF95A17}.Release|Any CPU.Build.0 = Release|Any CPU
	EndGlobalSection
	GlobalSection(SolutionProperties) = preSolution
		HideSolutionNode = FALSE
	EndGlobalSection
EndGlobal
